// !$*UTF8*$!
{
	archiveVersion = 1;
	classes = {
	};
	objectVersion = 77;
	objects = {

/* Begin PBXContainerItemProxy section */
		11599A0A2FCDB5EB00F87E54 /* PBXContainerItemProxy */ = {
			isa = PBXContainerItemProxy;
			containerPortal = 115999EB2FCDB5EA00F87E54 /* Project object */;
			proxyType = 1;
			remoteGlobalIDString = 115999F22FCDB5EA00F87E54;
			remoteInfo = PeopleGallery;
		};
		11599A142FCDB5EB00F87E54 /* PBXContainerItemProxy */ = {
			isa = PBXContainerItemProxy;
			containerPortal = 115999EB2FCDB5EA00F87E54 /* Project object */;
			proxyType = 1;
			remoteGlobalIDString = 115999F22FCDB5EA00F87E54;
			remoteInfo = PeopleGallery;
		};
/* End PBXContainerItemProxy section */

/* Begin PBXFileReference section */
		115999F32FCDB5EA00F87E54 /* PeopleGallery.app */ = {isa = PBXFileReference; explicitFileType = wrapper.application; includeInIndex = 0; path = PeopleGallery.app; sourceTree = BUILT_PRODUCTS_DIR; };
		11599A092FCDB5EB00F87E54 /* PeopleGalleryTests.xctest */ = {isa = PBXFileReference; explicitFileType = wrapper.cfbundle; includeInIndex = 0; path = PeopleGalleryTests.xctest; sourceTree = BUILT_PRODUCTS_DIR; };
		11599A132FCDB5EB00F87E54 /* PeopleGalleryUITests.xctest */ = {isa = PBXFileReference; explicitFileType = wrapper.cfbundle; includeInIndex = 0; path = PeopleGalleryUITests.xctest; sourceTree = BUILT_PRODUCTS_DIR; };
/* End PBXFileReference section */

/* Begin PBXFileSystemSynchronizedBuildFileExceptionSet section */
		11599A1B2FCDB5EB00F87E54 /* Exceptions for "PeopleGallery" folder in "PeopleGallery" target */ = {
			isa = PBXFileSystemSynchronizedBuildFileExceptionSet;
			membershipExceptions = (
				Info.plist,
			);
			target = 115999F22FCDB5EA00F87E54 /* PeopleGallery */;
		};
/* End PBXFileSystemSynchronizedBuildFileExceptionSet section */

/* Begin PBXFileSystemSynchronizedRootGroup section */
		115999F52FCDB5EA00F87E54 /* PeopleGallery */ = {
			isa = PBXFileSystemSynchronizedRootGroup;
			exceptions = (
				11599A1B2FCDB5EB00F87E54 /* Exceptions for "PeopleGallery" folder in "PeopleGallery" target */,
			);
			path = PeopleGallery;
			sourceTree = "<group>";
		};
		11599A0C2FCDB5EB00F87E54 /* PeopleGalleryTests */ = {
			isa = PBXFileSystemSynchronizedRootGroup;
			path = PeopleGalleryTests;
			sourceTree = "<group>";
		};
		11599A162FCDB5EB00F87E54 /* PeopleGalleryUITests */ = {
			isa = PBXFileSystemSynchronizedRootGroup;
			path = PeopleGalleryUITests;
			sourceTree = "<group>";
		};
/* End PBXFileSystemSynchronizedRootGroup section */

/* Begin PBXFrameworksBuildPhase section */
		115999F02FCDB5EA00F87E54 /* Frameworks */ = {
			isa = PBXFrameworksBuildPhase;
			buildActionMask = 2147483647;
			files = (
			);
			runOnlyForDeploymentPostprocessing = 0;
		};
		11599A062FCDB5EB00F87E54 /* Frameworks */ = {
			isa = PBXFrameworksBuildPhase;
			buildActionMask = 2147483647;
			files = (
			);
			runOnlyForDeploymentPostprocessing = 0;
		};
		11599A102FCDB5EB00F87E54 /* Frameworks */ = {
			isa = PBXFrameworksBuildPhase;
			buildActionMask = 2147483647;
			files = (
			);
			runOnlyForDeploymentPostprocessing = 0;
		};
/* End PBXFrameworksBuildPhase section */

/* Begin PBXGroup section */
		115999EA2FCDB5EA00F87E54 = {
			isa = PBXGroup;
			children = (
				115999F52FCDB5EA00F87E54 /* PeopleGallery */,
				11599A0C2FCDB5EB00F87E54 /* PeopleGalleryTests */,
				11599A162FCDB5EB00F87E54 /* PeopleGalleryUITests */,
				115999F42FCDB5EA00F87E54 /* Products */,
			);
			sourceTree = "<group>";
		};
		115999F42FCDB5EA00F87E54 /* Products */ = {
			isa = PBXGroup;
			children = (
				115999F32FCDB5EA00F87E54 /* PeopleGallery.app */,
				11599A092FCDB5EB00F87E54 /* PeopleGalleryTests.xctest */,
				11599A132FCDB5EB00F87E54 /* PeopleGalleryUITests.xctest */,
			);
			name = Products;
			sourceTree = "<group>";
		};
/* End PBXGroup section */

/* Begin PBXNativeTarget section */
		115999F22FCDB5EA00F87E54 /* PeopleGallery */ = {
			isa = PBXNativeTarget;
			buildConfigurationList = 11599A1C2FCDB5EB00F87E54 /* Build configuration list for PBXNativeTarget "PeopleGallery" */;
			buildPhases = (
				115999EF2FCDB5EA00F87E54 /* Sources */,
				115999F02FCDB5EA00F87E54 /* Frameworks */,
				115999F12FCDB5EA00F87E54 /* Resources */,
			);
			buildRules = (
			);
			dependencies = (
			);
			fileSystemSynchronizedGroups = (
				115999F52FCDB5EA00F87E54 /* PeopleGallery */,
			);
			name = PeopleGallery;
			packageProductDependencies = (
			);
			productName = PeopleGallery;
			productReference = 115999F32FCDB5EA00F87E54 /* PeopleGallery.app */;
			productType = "com.apple.product-type.application";
		};
		11599A082FCDB5EB00F87E54 /* PeopleGalleryTests */ = {
			isa = PBXNativeTarget;
			buildConfigurationList = 11599A212FCDB5EB00F87E54 /* Build configuration list for PBXNativeTarget "PeopleGalleryTests" */;
			buildPhases = (
				11599A052FCDB5EB00F87E54 /* Sources */,
				11599A062FCDB5EB00F87E54 /* Frameworks */,
				11599A072FCDB5EB00F87E54 /* Resources */,
			);
			buildRules = (
			);
			dependencies = (
				11599A0B2FCDB5EB00F87E54 /* PBXTargetDependency */,
			);
			fileSystemSynchronizedGroups = (
				11599A0C2FCDB5EB00F87E54 /* PeopleGalleryTests */,
			);
			name = PeopleGalleryTests;
			packageProductDependencies = (
			);
			productName = PeopleGalleryTests;
			productReference = 11599A092FCDB5EB00F87E54 /* PeopleGalleryTests.xctest */;
			productType = "com.apple.product-type.bundle.unit-test";
		};
		11599A122FCDB5EB00F87E54 /* PeopleGalleryUITests */ = {
			isa = PBXNativeTarget;
			buildConfigurationList = 11599A242FCDB5EB00F87E54 /* Build configuration list for PBXNativeTarget "PeopleGalleryUITests" */;
			buildPhases = (
				11599A0F2FCDB5EB00F87E54 /* Sources */,
				11599A102FCDB5EB00F87E54 /* Frameworks */,
				11599A112FCDB5EB00F87E54 /* Resources */,
			);
			buildRules = (
			);
			dependencies = (
				11599A152FCDB5EB00F87E54 /* PBXTargetDependency */,
			);
			fileSystemSynchronizedGroups = (
				11599A162FCDB5EB00F87E54 /* PeopleGalleryUITests */,
			);
			name = PeopleGalleryUITests;
			packageProductDependencies = (
			);
			productName = PeopleGalleryUITests;
			productReference = 11599A132FCDB5EB00F87E54 /* PeopleGalleryUITests.xctest */;
			productType = "com.apple.product-type.bundle.ui-testing";
		};
/* End PBXNativeTarget section */

/* Begin PBXProject section */
		115999EB2FCDB5EA00F87E54 /* Project object */ = {
			isa = PBXProject;
			attributes = {
				BuildIndependentTargetsInParallel = 1;
				LastSwiftUpdateCheck = 1610;
				LastUpgradeCheck = 1610;
				TargetAttributes = {
					115999F22FCDB5EA00F87E54 = {
						CreatedOnToolsVersion = 16.1;
					};
					11599A082FCDB5EB00F87E54 = {
						CreatedOnToolsVersion = 16.1;
						TestTargetID = 115999F22FCDB5EA00F87E54;
					};
					11599A122FCDB5EB00F87E54 = {
						CreatedOnToolsVersion = 16.1;
						TestTargetID = 115999F22FCDB5EA00F87E54;
					};
				};
			};
			buildConfigurationList = 115999EE2FCDB5EA00F87E54 /* Build configuration list for PBXProject "PeopleGallery" */;
			developmentRegion = en;
			hasScannedForEncodings = 0;
			knownRegions = (
				en,
				Base,
			);
			mainGroup = 115999EA2FCDB5EA00F87E54;
			minimizedProjectReferenceProxies = 1;
			preferredProjectObjectVersion = 77;
			productRefGroup = 115999F42FCDB5EA00F87E54 /* Products */;
			projectDirPath = "";
			projectRoot = "";
			targets = (
				115999F22FCDB5EA00F87E54 /* PeopleGallery */,
				11599A082FCDB5EB00F87E54 /* PeopleGalleryTests */,
				11599A122FCDB5EB00F87E54 /* PeopleGalleryUITests */,
			);
		};
/* End PBXProject section */

/* Begin PBXResourcesBuildPhase section */
		115999F12FCDB5EA00F87E54 /* Resources */ = {
			isa = PBXResourcesBuildPhase;
			buildActionMask = 2147483647;
			files = (
			);
			runOnlyForDeploymentPostprocessing = 0;
		};
		11599A072FCDB5EB00F87E54 /* Resources */ = {
			isa = PBXResourcesBuildPhase;
			buildActionMask = 2147483647;
			files = (
			);
			runOnlyForDeploymentPostprocessing = 0;
		};
		11599A112FCDB5EB00F87E54 /* Resources */ = {
			isa = PBXResourcesBuildPhase;
			buildActionMask = 2147483647;
			files = (
			);
			runOnlyForDeploymentPostprocessing = 0;
		};
/* End PBXResourcesBuildPhase section */

/* Begin PBXSourcesBuildPhase section */
		115999EF2FCDB5EA00F87E54 /* Sources */ = {
			isa = PBXSourcesBuildPhase;
			buildActionMask = 2147483647;
			files = (
			);
			runOnlyForDeploymentPostprocessing = 0;
		};
		11599A052FCDB5EB00F87E54 /* Sources */ = {
			isa = PBXSourcesBuildPhase;
			buildActionMask = 2147483647;
			files = (
			);
			runOnlyForDeploymentPostprocessing = 0;
		};
		11599A0F2FCDB5EB00F87E54 /* Sources */ = {
			isa = PBXSourcesBuildPhase;
			buildActionMask = 2147483647;
			files = (
			);
			runOnlyForDeploymentPostprocessing = 0;
		};
/* End PBXSourcesBuildPhase section */

/* Begin PBXTargetDependency section */
		11599A0B2FCDB5EB00F87E54 /* PBXTargetDependency */ = {
			isa = PBXTargetDependency;
			target = 115999F22FCDB5EA00F87E54 /* PeopleGallery */;
			targetProxy = 11599A0A2FCDB5EB00F87E54 /* PBXContainerItemProxy */;
		};
		11599A152FCDB5EB00F87E54 /* PBXTargetDependency */ = {
			isa = PBXTargetDependency;
			target = 115999F22FCDB5EA00F87E54 /* PeopleGallery */;
			targetProxy = 11599A142FCDB5EB00F87E54 /* PBXContainerItemProxy */;
		};
/* End PBXTargetDependency section */

/* Begin XCBuildConfiguration section */
		11599A1D2FCDB5EB00F87E54 /* Debug */ = {
			isa = XCBuildConfiguration;
			buildSettings = {
				ASSETCATALOG_COMPILER_APPICON_NAME = AppIcon;
				ASSETCATALOG_COMPILER_GLOBAL_ACCENT_COLOR_NAME = AccentColor;
				CODE_SIGN_STYLE = Automatic;
				CURRENT_PROJECT_VERSION = 1;
				DEVELOPMENT_TEAM = KA667JQ57A;
				GENERATE_INFOPLIST_FILE = YES;
				INFOPLIST_FILE = PeopleGallery/Info.plist;
				INFOPLIST_KEY_UIApplicationSupportsIndirectInputEvents = YES;
				INFOPLIST_KEY_UILaunchStoryboardName = LaunchScreen;
				INFOPLIST_KEY_UISupportedInterfaceOrientations_iPad = "UIInterfaceOrientationPortrait UIInterfaceOrientationPortraitUpsideDown UIInterfaceOrientationLandscapeLeft UIInterfaceOrientationLandscapeRight";
				INFOPLIST_KEY_UISupportedInterfaceOrientations_iPhone = "UIInterfaceOrientationPortrait UIInterfaceOrientationLandscapeLeft UIInterfaceOrientationLandscapeRight";
				LD_RUNPATH_SEARCH_PATHS = (
					"$(inherited)",
					"@executable_path/Frameworks",
				);
				MARKETING_VERSION = 1.0;
				PRODUCT_BUNDLE_IDENTIFIER = com.raywenderlich.PeopleGallery;
				PRODUCT_NAME = "$(TARGET_NAME)";
				SWIFT_EMIT_LOC_STRINGS = YES;
				SWIFT_VERSION = 5.0;
				TARGETED_DEVICE_FAMILY = "1,2";
			};
			name = Debug;
		};
		11599A1E2FCDB5EB00F87E54 /* Release */ = {
			isa = XCBuildConfiguration;
			buildSettings = {
				ASSETCATALOG_COMPILER_APPICON_NAME = AppIcon;
				ASSETCATALOG_COMPILER_GLOBAL_ACCENT_COLOR_NAME = AccentColor;
				CODE_SIGN_STYLE = Automatic;
				CURRENT_PROJECT_VERSION = 1;
				DEVELOPMENT_TEAM = KA667JQ57A;
				GENERATE_INFOPLIST_FILE = YES;
				INFOPLIST_FILE = PeopleGallery/Info.plist;
				INFOPLIST_KEY_UIApplicationSupportsIndirectInputEvents = YES;
				INFOPLIST_KEY_UILaunchStoryboardName = LaunchScreen;
				INFOPLIST_KEY_UISupportedInterfaceOrientations_iPad = "UIInterfaceOrientationPortrait UIInterfaceOrientationPortraitUpsideDown UIInterfaceOrientationLandscapeLeft UIInterfaceOrientationLandscapeRight";
				INFOPLIST_KEY_UISupportedInterfaceOrientations_iPhone = "UIInterfaceOrientationPortrait UIInterfaceOrientationLandscapeLeft UIInterfaceOrientationLandscapeRight";
				LD_RUNPATH_SEARCH_PATHS = (
					"$(inherited)",
					"@executable_path/Frameworks",
				);
				MARKETING_VERSION = 1.0;
				PRODUCT_BUNDLE_IDENTIFIER = com.raywenderlich.PeopleGallery;
				PRODUCT_NAME = "$(TARGET_NAME)";
				SWIFT_EMIT_LOC_STRINGS = YES;
				SWIFT_VERSION = 5.0;
				TARGETED_DEVICE_FAMILY = "1,2";
			};
			name = Release;
		};
		11599A1F2FCDB5EB00F87E54 /* Debug */ = {
			isa = XCBuildConfiguration;
			buildSettings = {
				ALWAYS_SEARCH_USER_PATHS = NO;
				ASSETCATALOG_COMPILER_GENERATE_SWIFT_ASSET_SYMBOL_EXTENSIONS = YES;
				CLANG_ANALYZER_NONNULL = YES;
				CLANG_ANALYZER_NUMBER_OBJECT_CONVERSION = YES_AGGRESSIVE;
				CLANG_CXX_LANGUAGE_STANDARD = "gnu++20";
				CLANG_ENABLE_MODULES = YES;
				CLANG_ENABLE_OBJC_ARC = YES;
				CLANG_ENABLE_OBJC_WEAK = YES;
				CLANG_WARN_BLOCK_CAPTURE_AUTORELEASING = YES;
				CLANG_WARN_BOOL_CONVERSION = YES;
				CLANG_WARN_COMMA = YES;
				CLANG_WARN_CONSTANT_CONVERSION = YES;
				CLANG_WARN_DEPRECATED_OBJC_IMPLEMENTATIONS = YES;
				CLANG_WARN_DIRECT_OBJC_ISA_USAGE = YES_ERROR;
				CLANG_WARN_DOCUMENTATION_COMMENTS = YES;
				CLANG_WARN_EMPTY_BODY = YES;
				CLANG_WARN_ENUM_CONVERSION = YES;
				CLANG_WARN_INFINITE_RECURSION = YES;
				CLANG_WARN_INT_CONVERSION = YES;
				CLANG_WARN_NON_LITERAL_NULL_CONVERSION = YES;
				CLANG_WARN_OBJC_IMPLICIT_RETAIN_SELF = YES;
				CLANG_WARN_OBJC_LITERAL_CONVERSION = YES;
				CLANG_WARN_OBJC_ROOT_CLASS = YES_ERROR;
				CLANG_WARN_QUOTED_INCLUDE_IN_FRAMEWORK_HEADER = YES;
				CLANG_WARN_RANGE_LOOP_ANALYSIS = YES;
				CLANG_WARN_STRICT_PROTOTYPES = YES;
				CLANG_WARN_SUSPICIOUS_MOVE = YES;
				CLANG_WARN_UNGUARDED_AVAILABILITY = YES_AGGRESSIVE;
				CLANG_WARN_UNREACHABLE_CODE = YES;
				CLANG_WARN__DUPLICATE_METHOD_MATCH = YES;
				COPY_PHASE_STRIP = NO;
				DEBUG_INFORMATION_FORMAT = dwarf;
				ENABLE_STRICT_OBJC_MSGSEND = YES;
				ENABLE_TESTABILITY = YES;
				ENABLE_USER_SCRIPT_SANDBOXING = YES;
				GCC_C_LANGUAGE_STANDARD = gnu17;
				GCC_DYNAMIC_NO_PIC = NO;
				GCC_NO_COMMON_BLOCKS = YES;
				GCC_OPTIMIZATION_LEVEL = 0;
				GCC_PREPROCESSOR_DEFINITIONS = (
					"DEBUG=1",
					"$(inherited)",
				);
				GCC_WARN_64_TO_32_BIT_CONVERSION = YES;
				GCC_WARN_ABOUT_RETURN_TYPE = YES_ERROR;
				GCC_WARN_UNDECLARED_SELECTOR = YES;
				GCC_WARN_UNINITIALIZED_AUTOS = YES_AGGRESSIVE;
				GCC_WARN_UNUSED_FUNCTION = YES;
				GCC_WARN_UNUSED_VARIABLE = YES;
				IPHONEOS_DEPLOYMENT_TARGET = 18.1;
				LOCALIZATION_PREFERS_STRING_CATALOGS = YES;
				MTL_ENABLE_DEBUG_INFO = INCLUDE_SOURCE;
				MTL_FAST_MATH = YES;
				ONLY_ACTIVE_ARCH = YES;
				SDKROOT = iphoneos;
				SWIFT_ACTIVE_COMPILATION_CONDITIONS = "DEBUG $(inherited)";
				SWIFT_OPTIMIZATION_LEVEL = "-Onone";
			};
			name = Debug;
		};
		11599A202FCDB5EB00F87E54 /* Release */ = {
			isa = XCBuildConfiguration;
			buildSettings = {
				ALWAYS_SEARCH_USER_PATHS = NO;
				ASSETCATALOG_COMPILER_GENERATE_SWIFT_ASSET_SYMBOL_EXTENSIONS = YES;
				CLANG_ANALYZER_NONNULL = YES;
				CLANG_ANALYZER_NUMBER_OBJECT_CONVERSION = YES_AGGRESSIVE;
				CLANG_CXX_LANGUAGE_STANDARD = "gnu++20";
				CLANG_ENABLE_MODULES = YES;
				CLANG_ENABLE_OBJC_ARC = YES;
				CLANG_ENABLE_OBJC_WEAK = YES;
				CLANG_WARN_BLOCK_CAPTURE_AUTORELEASING = YES;
				CLANG_WARN_BOOL_CONVERSION = YES;
				CLANG_WARN_COMMA = YES;
				CLANG_WARN_CONSTANT_CONVERSION = YES;
				CLANG_WARN_DEPRECATED_OBJC_IMPLEMENTATIONS = YES;
				CLANG_WARN_DIRECT_OBJC_ISA_USAGE = YES_ERROR;
				CLANG_WARN_DOCUMENTATION_COMMENTS = YES;
				CLANG_WARN_EMPTY_BODY = YES;
				CLANG_WARN_ENUM_CONVERSION = YES;
				CLANG_WARN_INFINITE_RECURSION = YES;
				CLANG_WARN_INT_CONVERSION = YES;
				CLANG_WARN_NON_LITERAL_NULL_CONVERSION = YES;
				CLANG_WARN_OBJC_IMPLICIT_RETAIN_SELF = YES;
				CLANG_WARN_OBJC_LITERAL_CONVERSION = YES;
				CLANG_WARN_OBJC_ROOT_CLASS = YES_ERROR;
				CLANG_WARN_QUOTED_INCLUDE_IN_FRAMEWORK_HEADER = YES;
				CLANG_WARN_RANGE_LOOP_ANALYSIS = YES;
				CLANG_WARN_STRICT_PROTOTYPES = YES;
				CLANG_WARN_SUSPICIOUS_MOVE = YES;
				CLANG_WARN_UNGUARDED_AVAILABILITY = YES_AGGRESSIVE;
				CLANG_WARN_UNREACHABLE_CODE = YES;
				CLANG_WARN__DUPLICATE_METHOD_MATCH = YES;
				COPY_PHASE_STRIP = NO;
				DEBUG_INFORMATION_FORMAT = "dwarf-with-dsym";
				ENABLE_NS_ASSERTIONS = NO;
				ENABLE_STRICT_OBJC_MSGSEND = YES;
				ENABLE_USER_SCRIPT_SANDBOXING = YES;
				GCC_C_LANGUAGE_STANDARD = gnu17;
				GCC_NO_COMMON_BLOCKS = YES;
				GCC_WARN_64_TO_32_BIT_CONVERSION = YES;
				GCC_WARN_ABOUT_RETURN_TYPE = YES_ERROR;
				GCC_WARN_UNDECLARED_SELECTOR = YES;
				GCC_WARN_UNINITIALIZED_AUTOS = YES_AGGRESSIVE;
				GCC_WARN_UNUSED_FUNCTION = YES;
				GCC_WARN_UNUSED_VARIABLE = YES;
				IPHONEOS_DEPLOYMENT_TARGET = 18.1;
				LOCALIZATION_PREFERS_STRING_CATALOGS = YES;
				MTL_ENABLE_DEBUG_INFO = NO;
				MTL_FAST_MATH = YES;
				SDKROOT = iphoneos;
				SWIFT_COMPILATION_MODE = wholemodule;
				VALIDATE_PRODUCT = YES;
			};
			name = Release;
		};
		11599A222FCDB5EB00F87E54 /* Debug */ = {
			isa = XCBuildConfiguration;
			buildSettings = {
				BUNDLE_LOADER = "$(TEST_HOST)";
				CODE_SIGN_STYLE = Automatic;
				CURRENT_PROJECT_VERSION = 1;
				DEVELOPMENT_TEAM = KA667JQ57A;
				GENERATE_INFOPLIST_FILE = YES;
				IPHONEOS_DEPLOYMENT_TARGET = 18.1;
				MARKETING_VERSION = 1.0;
				PRODUCT_BUNDLE_IDENTIFIER = com.raywenderlich.PeopleGalleryTests;
				PRODUCT_NAME = "$(TARGET_NAME)";
				SWIFT_EMIT_LOC_STRINGS = NO;
				SWIFT_VERSION = 5.0;
				TARGETED_DEVICE_FAMILY = "1,2";
				TEST_HOST = "$(BUILT_PRODUCTS_DIR)/PeopleGallery.app/$(BUNDLE_EXECUTABLE_FOLDER_PATH)/PeopleGallery";
			};
			name = Debug;
		};
		11599A232FCDB5EB00F87E54 /* Release */ = {
			isa = XCBuildConfiguration;
			buildSettings = {
				BUNDLE_LOADER = "$(TEST_HOST)";
				CODE_SIGN_STYLE = Automatic;
				CURRENT_PROJECT_VERSION = 1;
				DEVELOPMENT_TEAM = KA667JQ57A;
				GENERATE_INFOPLIST_FILE = YES;
				IPHONEOS_DEPLOYMENT_TARGET = 18.1;
				MARKETING_VERSION = 1.0;
				PRODUCT_BUNDLE_IDENTIFIER = com.raywenderlich.PeopleGalleryTests;
				PRODUCT_NAME = "$(TARGET_NAME)";
				SWIFT_EMIT_LOC_STRINGS = NO;
				SWIFT_VERSION = 5.0;
				TARGETED_DEVICE_FAMILY = "1,2";
				TEST_HOST = "$(BUILT_PRODUCTS_DIR)/PeopleGallery.app/$(BUNDLE_EXECUTABLE_FOLDER_PATH)/PeopleGallery";
			};
			name = Release;
		};
		11599A252FCDB5EB00F87E54 /* Debug */ = {
			isa = XCBuildConfiguration;
			buildSettings = {
				CODE_SIGN_STYLE = Automatic;
				CURRENT_PROJECT_VERSION = 1;
				DEVELOPMENT_TEAM = KA667JQ57A;
				GENERATE_INFOPLIST_FILE = YES;
				MARKETING_VERSION = 1.0;
				PRODUCT_BUNDLE_IDENTIFIER = com.raywenderlich.PeopleGalleryUITests;
				PRODUCT_NAME = "$(TARGET_NAME)";
				SWIFT_EMIT_LOC_STRINGS = NO;
				SWIFT_VERSION = 5.0;
				TARGETED_DEVICE_FAMILY = "1,2";
				TEST_TARGET_NAME = PeopleGallery;
			};
			name = Debug;
		};
		11599A262FCDB5EB00F87E54 /* Release */ = {
			isa = XCBuildConfiguration;
			buildSettings = {
				CODE_SIGN_STYLE = Automatic;
				CURRENT_PROJECT_VERSION = 1;
				DEVELOPMENT_TEAM = KA667JQ57A;
				GENERATE_INFOPLIST_FILE = YES;
				MARKETING_VERSION = 1.0;
				PRODUCT_BUNDLE_IDENTIFIER = com.raywenderlich.PeopleGalleryUITests;
				PRODUCT_NAME = "$(TARGET_NAME)";
				SWIFT_EMIT_LOC_STRINGS = NO;
				SWIFT_VERSION = 5.0;
				TARGETED_DEVICE_FAMILY = "1,2";
				TEST_TARGET_NAME = PeopleGallery;
			};
			name = Release;
		};
/* End XCBuildConfiguration section */

/* Begin XCConfigurationList section */
		115999EE2FCDB5EA00F87E54 /* Build configuration list for PBXProject "PeopleGallery" */ = {
			isa = XCConfigurationList;
			buildConfigurations = (
				11599A1F2FCDB5EB00F87E54 /* Debug */,
				11599A202FCDB5EB00F87E54 /* Release */,
			);
			defaultConfigurationIsVisible = 0;
			defaultConfigurationName = Release;
		};
		11599A1C2FCDB5EB00F87E54 /* Build configuration list for PBXNativeTarget "PeopleGallery" */ = {
			isa = XCConfigurationList;
			buildConfigurations = (
				11599A1D2FCDB5EB00F87E54 /* Debug */,
				11599A1E2FCDB5EB00F87E54 /* Release */,
			);
			defaultConfigurationIsVisible = 0;
			defaultConfigurationName = Release;
		};
		11599A212FCDB5EB00F87E54 /* Build configuration list for PBXNativeTarget "PeopleGalleryTests" */ = {
			isa = XCConfigurationList;
			buildConfigurations = (
				11599A222FCDB5EB00F87E54 /* Debug */,
				11599A232FCDB5EB00F87E54 /* Release */,
			);
			defaultConfigurationIsVisible = 0;
			defaultConfigurationName = Release;
		};
		11599A242FCDB5EB00F87E54 /* Build configuration list for PBXNativeTarget "PeopleGalleryUITests" */ = {
			isa = XCConfigurationList;
			buildConfigurations = (
				11599A252FCDB5EB00F87E54 /* Debug */,
				11599A262FCDB5EB00F87E54 /* Release */,
			);
			defaultConfigurationIsVisible = 0;
			defaultConfigurationName = Release;
		};
/* End XCConfigurationList section */
	};
	rootObject = 115999EB2FCDB5EA00F87E54 /* Project object */;
}
